{
  "name": "@daonomic/receivers",
  "version": "0.1.0",
  "lockfileVersion": 1,
  "requires": true,
  "dependencies": {
    "@daonomic/interfaces": {
      "version": "0.1.2",
      "resolved": "https://registry.npmjs.org/@daonomic/interfaces/-/interfaces-0.1.2.tgz",
      "integrity": "sha512-yIEkZ+SweJQIVgTGi8wbcQaqcOcicIIMh2rpSSNK2zEOWHj8BXTBjXLZwjQC0pVGef7XmkkpwM0MX3VMSnAvRQ=="
    },
    "@daonomic/tests-common": {
      "version": "0.1.0",
      "resolved": "https://registry.npmjs.org/@daonomic/tests-common/-/tests-common-0.1.0.tgz",
      "integrity": "sha512-WqFpVhuh4dr71O2KXIlNvPqV02lA+Nb0TjsuE/zLBBEIFmkrPa1KlMAd35dW4B/4paNwDc6cffwwrfmFeKvcpQ==",
      "dev": true
    },
    "@daonomic/tokens": {
      "version": "0.1.0",
      "resolved": "https://registry.npmjs.org/@daonomic/tokens/-/tokens-0.1.0.tgz",
      "integrity": "sha512-ZJLGctWFtvF3ZALUCIC9F2Gy0a0NbvJCUCLl9TG8ERwdFGRnAf0YwtqtmpFjzuEoYwquUdlAAdHey0uODgCI2A==",
      "dev": true,
      "requires": {
        "@daonomic/interfaces": "0.1.2",
        "@daonomic/util": "0.1.0"
      }
    },
    "@daonomic/util": {
      "version": "0.1.0",
      "resolved": "https://registry.npmjs.org/@daonomic/util/-/util-0.1.0.tgz",
      "integrity": "sha512-zet8820d28fJwbhf0BOH5OiQzCXCsjNAuvD41AzzcHDpd4J0X/0m2Lhc1NACiIklUUbnSLGvkgoqHzWk0weoiQ==",
      "dev": true
    }
  }
}
